schema: '2.0'
stages:
  data_ingestion:
    cmd: python .\src\FraudDetection\pipeline\data_ingestion_pipeline.py
    deps:
    - path: config/config.yaml
      hash: md5
      md5: 1a743a17181a6515d29cd1774673ee94
      size: 961
    - path: src/FraudDetection/pipeline/data_ingestion_pipeline.py
      hash: md5
      md5: 4855385f7dbdf9f639f116a29ed33a5e
      size: 891
    outs:
    - path: artifacts/data
      hash: md5
      md5: 7bbb61760f36363285dcd25ca15a5018.dir
      size: 222892950
      nfiles: 4
  data_transformation:
    cmd: python .\src\FraudDetection\pipeline\data_transformation_pipeline.py
    deps:
    - path: config/config.yaml
      hash: md5
      md5: 1a743a17181a6515d29cd1774673ee94
      size: 961
    - path: src/FraudDetection/pipeline/data_transformation_pipeline.py
      hash: md5
      md5: 333a993c4a696e677d83911acaf1f138
      size: 954
    outs:
    - path: artifacts/preprocess
      hash: md5
      md5: 5237eeb8eb71b66b0de28d203b5923ce.dir
      size: 2149736
      nfiles: 3
  model_training:
    cmd: python .\src\FraudDetection\pipeline\model_training_pipeline.py
    deps:
    - path: artifacts/preprocess/test_array.npy
      hash: md5
      md5: 3ddf00a30558c34bea3ef0426d2c87b3
      size: 340632
    - path: artifacts/preprocess/train_array.npy
      hash: md5
      md5: 367080ae465f1656fa3ef3c9895063c7
      size: 1808544
    - path: config/config.yaml
      hash: md5
      md5: 1a743a17181a6515d29cd1774673ee94
      size: 961
    - path: src/FraudDetection/pipeline/model_training_pipeline.py
      hash: md5
      md5: 28cee68b93f46d5b683c146dfb053c43
      size: 811
    outs:
    - path: artifacts/models
      hash: md5
      md5: 007c7b785d896333a48c95abea25927b.dir
      size: 4100773
      nfiles: 1
    - path: artifacts/results
      hash: md5
      md5: 3ac18b64e59d2010672fc98fe493afce.dir
      size: 2156
      nfiles: 2
